
Microsoft Visual Studio Solution File, Format Version 12.00
# Visual Studio Version 17
VisualStudioVersion = 17.14.36717.8 d17.14
MinimumVisualStudioVersion = 10.0.40219.1
Project("{FAE04EC0-301F-11D3-BF4B-00C04F79EFBC}") = "RazorAppIdentity", "RazorAppIdentity.csproj", "{6E5AC1A5-DC60-4428-BBEE-597B4BB27BF5}"
EndProject
Global
	GlobalSection(SolutionConfigurationPlatforms) = preSolution
		Debug|Any CPU = Debug|Any CPU
		Release|Any CPU = Release|Any CPU
	EndGlobalSection
	GlobalSection(ProjectConfigurationPlatforms) = postSolution
		{6E5AC1A5-DC60-4428-BBEE-597B4BB27BF5}.Debug|Any CPU.ActiveCfg = Debug|Any CPU
		{6E5AC1A5-DC60-4428-BBEE-597B4BB27BF5}.Debug|Any CPU.Build.0 = Debug|Any CPU
		{6E5AC1A5-DC60-4428-BBEE-597B4BB27BF5}.Release|Any CPU.ActiveCfg = Release|Any CPU
		{6E5AC1A5-DC60-4428-BBEE-597B4BB27BF5}.Release|Any CPU.Build.0 = Release|Any CPU
	EndGlobalSection
	GlobalSection(SolutionProperties) = preSolution
		HideSolutionNode = FALSE
	EndGlobalSection
	GlobalSection(ExtensibilityGlobals) = postSolution
		SolutionGuid = {76D7875A-1C94-4028-A503-BB57D858692D}
	EndGlobalSection
EndGlobal
