
Microsoft Visual Studio Solution File, Format Version 12.00
# Visual Studio Version 17
VisualStudioVersion = 17.14.36717.8 d17.14
MinimumVisualStudioVersion = 10.0.40219.1
Project("{FAE04EC0-301F-11D3-BF4B-00C04F79EFBC}") = "consumer-api", "consumer-api.csproj", "{87C550D4-0A13-3E1C-D757-41B322C07691}"
EndProject
Global
	GlobalSection(SolutionConfigurationPlatforms) = preSolution
		Debug|Any CPU = Debug|Any CPU
		Release|Any CPU = Release|Any CPU
	EndGlobalSection
	GlobalSection(ProjectConfigurationPlatforms) = postSolution
		{87C550D4-0A13-3E1C-D757-41B322C07691}.Debug|Any CPU.ActiveCfg = Debug|Any CPU
		{87C550D4-0A13-3E1C-D757-41B322C07691}.Debug|Any CPU.Build.0 = Debug|Any CPU
		{87C550D4-0A13-3E1C-D757-41B322C07691}.Release|Any CPU.ActiveCfg = Release|Any CPU
		{87C550D4-0A13-3E1C-D757-41B322C07691}.Release|Any CPU.Build.0 = Release|Any CPU
	EndGlobalSection
	GlobalSection(SolutionProperties) = preSolution
		HideSolutionNode = FALSE
	EndGlobalSection
	GlobalSection(ExtensibilityGlobals) = postSolution
		SolutionGuid = {1D700D1D-E1A1-4D45-8CB7-B5C1AD22C71F}
	EndGlobalSection
EndGlobal
