Microsoft Visual Studio Solution File, Format Version 12.00
# Visual Studio Version 17
VisualStudioVersion = 17.5.2.0
MinimumVisualStudioVersion = 10.0.40219.1
Project("{FAE04EC0-301F-11D3-BF4B-00C04F79EFBC}") = "ManageJWT", "ManageJWT.csproj", "{30D025A6-12F1-6A56-1CC1-DFADC6435C60}"
EndProject
Global
	GlobalSection(SolutionConfigurationPlatforms) = preSolution
		Debug|Any CPU = Debug|Any CPU
		Release|Any CPU = Release|Any CPU
	EndGlobalSection
	GlobalSection(ProjectConfigurationPlatforms) = postSolution
		{30D025A6-12F1-6A56-1CC1-DFADC6435C60}.Debug|Any CPU.ActiveCfg = Debug|Any CPU
		{30D025A6-12F1-6A56-1CC1-DFADC6435C60}.Debug|Any CPU.Build.0 = Debug|Any CPU
		{30D025A6-12F1-6A56-1CC1-DFADC6435C60}.Release|Any CPU.ActiveCfg = Release|Any CPU
		{30D025A6-12F1-6A56-1CC1-DFADC6435C60}.Release|Any CPU.Build.0 = Release|Any CPU
	EndGlobalSection
	GlobalSection(SolutionProperties) = preSolution
		HideSolutionNode = FALSE
	EndGlobalSection
	GlobalSection(ExtensibilityGlobals) = postSolution
		SolutionGuid = {D2EF038A-8A65-443F-A368-CE999EA18DB0}
	EndGlobalSection
EndGlobal
