
Microsoft Visual Studio Solution File, Format Version 12.00
# Visual Studio Version 17
VisualStudioVersion = 17.14.36717.8
MinimumVisualStudioVersion = 10.0.40219.1
Project("{FAE04EC0-301F-11D3-BF4B-00C04F79EFBC}") = "SocialAuthWithoutNetCoreIdentity", "SocialAuthWithoutNetCoreIdentity.csproj", "{4BF9B283-D2CA-7C17-B99C-99660F5E8640}"
EndProject
Global
	GlobalSection(SolutionConfigurationPlatforms) = preSolution
		Debug|Any CPU = Debug|Any CPU
		Release|Any CPU = Release|Any CPU
	EndGlobalSection
	GlobalSection(ProjectConfigurationPlatforms) = postSolution
		{4BF9B283-D2CA-7C17-B99C-99660F5E8640}.Debug|Any CPU.ActiveCfg = Debug|Any CPU
		{4BF9B283-D2CA-7C17-B99C-99660F5E8640}.Debug|Any CPU.Build.0 = Debug|Any CPU
		{4BF9B283-D2CA-7C17-B99C-99660F5E8640}.Release|Any CPU.ActiveCfg = Release|Any CPU
		{4BF9B283-D2CA-7C17-B99C-99660F5E8640}.Release|Any CPU.Build.0 = Release|Any CPU
	EndGlobalSection
	GlobalSection(SolutionProperties) = preSolution
		HideSolutionNode = FALSE
	EndGlobalSection
	GlobalSection(ExtensibilityGlobals) = postSolution
		SolutionGuid = {09720558-3B9C-4B76-899D-422BB1CB52F1}
	EndGlobalSection
EndGlobal
